{
  "name": "BotaniaVK",
  "lockfileVersion": 3,
  "requires": true,
  "packages": {
    "": {
      "dependencies": {
        "@vkontakte/vk-bridge": "^2.15.6"
      }
    },
    "node_modules/@vkontakte/vk-bridge": {
      "version": "2.15.6",
      "resolved": "https://registry.npmjs.org/@vkontakte/vk-bridge/-/vk-bridge-2.15.6.tgz",
      "integrity": "sha512-bAEM20i4Oj/IC1vVE/iCwmdf9y+1HebNNfCeh1hMGvBokx9MSZNO90HxzluB8o0kbcaHcQOF689CJyrnDlMhZQ==",
      "license": "MIT"
    }
  }
}
