{
  "name": "botaniavk",
  "version": "1.0.0",
  "lockfileVersion": 3,
  "requires": true,
  "packages": {
    "": {
      "name": "botaniavk",
      "version": "1.0.0",
      "license": "ISC",
      "dependencies": {
        "vk-bridge": "^1.0.0"
      }
    },
    "node_modules/vk-bridge": {
      "version": "1.0.0",
      "resolved": "https://registry.npmjs.org/vk-bridge/-/vk-bridge-1.0.0.tgz",
      "integrity": "sha512-zZE/R4nQR2BxL7mSIciser7fDu2B779UyCiJD6KBstaMUSVuWiUE3Mod5U39wRPG5EFZBtl2phZiuUD2CqnMKA==",
      "deprecated": "Use @vkontakte/vk-bridge instead"
    }
  }
}
